
Microsoft Visual Studio Solution File, Format Version 12.00
# Visual Studio Version 16
VisualStudioVersion = 16.0.31729.503
MinimumVisualStudioVersion = 10.0.40219.1
Project("{FAE04EC0-301F-11D3-BF4B-00C04F79EFBC}") = "CalendarAppServer", "CalendarAppServer\CalendarAppServer.csproj", "{8994B3F0-CABF-44B1-ACE3-49CD7BC3FF85}"
EndProject
Global
	GlobalSection(SolutionConfigurationPlatforms) = preSolution
		Debug|Any CPU = Debug|Any CPU
		Release|Any CPU = Release|Any CPU
	EndGlobalSection
	GlobalSection(ProjectConfigurationPlatforms) = postSolution
		{8994B3F0-CABF-44B1-ACE3-49CD7BC3FF85}.Debug|Any CPU.ActiveCfg = Debug|Any CPU
		{8994B3F0-CABF-44B1-ACE3-49CD7BC3FF85}.Debug|Any CPU.Build.0 = Debug|Any CPU
		{8994B3F0-CABF-44B1-ACE3-49CD7BC3FF85}.Release|Any CPU.ActiveCfg = Release|Any CPU
		{8994B3F0-CABF-44B1-ACE3-49CD7BC3FF85}.Release|Any CPU.Build.0 = Release|Any CPU
	EndGlobalSection
	GlobalSection(SolutionProperties) = preSolution
		HideSolutionNode = FALSE
	EndGlobalSection
	GlobalSection(ExtensibilityGlobals) = postSolution
		SolutionGuid = {1BBE17A7-1881-4155-B51B-07CA4B9F8AE9}
	EndGlobalSection
EndGlobal
